
Microsoft Visual Studio Solution File, Format Version 12.00
# Visual Studio Version 17
VisualStudioVersion = 17.0.31919.166
MinimumVisualStudioVersion = 10.0.40219.1
Project("{FAE04EC0-301F-11D3-BF4B-00C04F79EFBC}") = "SecInfo1", "SecInfo1\SecInfo1.csproj", "{A0BADF8F-7EEB-4517-98EA-A5656F07F8A4}"
EndProject
Project("{54435603-DBB4-11D2-8724-00A0C9A8B90C}") = "Setup2", "Setup2\Setup2.vdproj", "{6678CD3A-7DD1-4FA4-897B-89BDDA75B7FC}"
EndProject
Global
	GlobalSection(SolutionConfigurationPlatforms) = preSolution
		Debug|Any CPU = Debug|Any CPU
		Release|Any CPU = Release|Any CPU
	EndGlobalSection
	GlobalSection(ProjectConfigurationPlatforms) = postSolution
		{A0BADF8F-7EEB-4517-98EA-A5656F07F8A4}.Debug|Any CPU.ActiveCfg = Debug|Any CPU
		{A0BADF8F-7EEB-4517-98EA-A5656F07F8A4}.Debug|Any CPU.Build.0 = Debug|Any CPU
		{A0BADF8F-7EEB-4517-98EA-A5656F07F8A4}.Release|Any CPU.ActiveCfg = Release|Any CPU
		{A0BADF8F-7EEB-4517-98EA-A5656F07F8A4}.Release|Any CPU.Build.0 = Release|Any CPU
		{6678CD3A-7DD1-4FA4-897B-89BDDA75B7FC}.Debug|Any CPU.ActiveCfg = Debug
		{6678CD3A-7DD1-4FA4-897B-89BDDA75B7FC}.Release|Any CPU.ActiveCfg = Release
	EndGlobalSection
	GlobalSection(SolutionProperties) = preSolution
		HideSolutionNode = FALSE
	EndGlobalSection
	GlobalSection(ExtensibilityGlobals) = postSolution
		SolutionGuid = {1CF66F5C-949F-468D-8096-82DAF3A5947A}
	EndGlobalSection
EndGlobal
